# THIS IS AN AUTOGENERATED FILE. DO NOT EDIT THIS FILE DIRECTLY.
# yarn lockfile v1


js-base64@^3.7.5:
  version "3.7.5"
  resolved "https://registry.npmmirror.com/js-base64/-/js-base64-3.7.5.tgz#21e24cf6b886f76d6f5f165bfcd69cc55b9e3fca"
  integrity sha512-3MEt5DTINKqfScXKfJFrRbxkrnk2AxPWGBL/ycjz4dK8iqiSJ06UxD8jh8xuh6p10TX4t2+7FsBYVxxQbMg+qA==

qrcodejs2@^0.0.2:
  version "0.0.2"
  resolved "https://registry.npmmirror.com/qrcodejs2/-/qrcodejs2-0.0.2.tgz#465afe5e39f19facecb932c11f7a186109146ae1"
  integrity sha512-+Y4HA+cb6qUzdgvI3KML8GYpMFwB24dFwzMkS/yXq6hwtUGNUnZQdUnksrV1XGMc2mid5ROw5SAuY9XhI3ValA==
